# Generated by conda-lock.
# platform: osx-arm64
# input_hash: aa9f50db6bc495efec13d3c9fa6a63bd5385d3b03f02da67f2bd9e7f24359cfa
@EXPLICIT
https://conda.anaconda.org/conda-forge/osx-arm64/ca-certificates-2024.7.4-hf0a4a13_0.conda#21f9a33e5fe996189e470c19c5354dbe
https://conda.anaconda.org/conda-forge/osx-arm64/libexpat-2.6.2-hebf3989_0.conda#e3cde7cfa87f82f7cb13d482d5e0ad09
https://conda.anaconda.org/conda-forge/osx-arm64/libffi-3.4.2-h3422bc3_5.tar.bz2#086914b672be056eb70fd4285b6783b6
https://conda.anaconda.org/conda-forge/osx-arm64/ncurses-6.5-hb89a1cb_0.conda#b13ad5724ac9ae98b6b4fd87e4500ba4
https://conda.anaconda.org/conda-forge/noarch/nomkl-1.0-h5ca1d4c_0.tar.bz2#9a66894dfd07c4510beb6b3f9672ccc0
https://conda.anaconda.org/conda-forge/osx-arm64/python_abi-3.11-4_cp311.conda#8d3751bc73d3bbb66f216fa2331d5649
https://conda.anaconda.org/conda-forge/noarch/tzdata-2024a-h0c530f3_0.conda#161081fc7cec0bfda0d86d7cb595f8d8
https://conda.anaconda.org/conda-forge/osx-arm64/xz-5.2.6-h57fd34a_0.tar.bz2#39c6b54e94014701dd157f4f576ed211
https://conda.anaconda.org/conda-forge/osx-arm64/bzip2-1.0.8-h99b78c6_7.conda#fc6948412dbbbe9a4c9ddbbcfe0a79ab
https://conda.anaconda.org/conda-forge/osx-arm64/libcxx-18.1.8-h167917d_0.conda#c891c2eeabd7d67fbc38e012cc6045d6
https://conda.anaconda.org/conda-forge/osx-arm64/libzlib-1.3.1-hfb2fe0b_1.conda#636077128927cf79fd933276dc3aed47
https://conda.anaconda.org/conda-forge/osx-arm64/llvm-openmp-18.1.8-hde57baf_0.conda#82393fdbe38448d878a8848b6fcbcefb
https://conda.anaconda.org/conda-forge/osx-arm64/openssl-3.3.1-hfb2fe0b_2.conda#9b551a504c1cc8f8b7b22c01814da8ba
https://conda.anaconda.org/conda-forge/osx-arm64/readline-8.2-h92ec313_1.conda#8cbb776a2f641b943d413b3e19df71f4
https://conda.anaconda.org/conda-forge/osx-arm64/libgfortran5-13.2.0-hf226fd6_3.conda#66ac81d54e95c534ae488726c1f698ea
https://conda.anaconda.org/conda-forge/osx-arm64/libsqlite-3.46.0-hfb93653_0.conda#12300188028c9bc02da965128b91b517
https://conda.anaconda.org/conda-forge/osx-arm64/tk-8.6.13-h5083fa2_1.conda#b50a57ba89c32b62428b71a875291c9b
https://conda.anaconda.org/conda-forge/osx-arm64/zstd-1.5.6-hb46c0d2_0.conda#d96942c06c3e84bfcc5efb038724a7fd
https://conda.anaconda.org/conda-forge/osx-arm64/libgfortran-5.0.0-13_2_0_hd922786_3.conda#4a55d9e169114b2b90d3ec4604cd7bbf
https://conda.anaconda.org/conda-forge/osx-arm64/python-3.11.9-h932a869_0_cpython.conda#293e0713ae804b5527a673e7605c04fc
https://conda.anaconda.org/conda-forge/osx-arm64/brotli-python-1.1.0-py311ha891d26_1.conda#5e802b015e33447d1283d599d21f052b
https://conda.anaconda.org/conda-forge/noarch/certifi-2024.7.4-pyhd8ed1ab_0.conda#24e7fd6ca65997938fff9e5ab6f653e4
https://conda.anaconda.org/conda-forge/noarch/charset-normalizer-3.3.2-pyhd8ed1ab_0.conda#7f4a9e3fcff3f6356ae99244a014da6a
https://conda.anaconda.org/conda-forge/noarch/colorama-0.4.6-pyhd8ed1ab_0.tar.bz2#3faab06a954c2a04039983f2c4a50d99
https://conda.anaconda.org/conda-forge/noarch/crashtest-0.4.1-pyhd8ed1ab_0.tar.bz2#709a2295dd907bb34afb57d54320642f
https://conda.anaconda.org/conda-forge/noarch/distlib-0.3.8-pyhd8ed1ab_0.conda#db16c66b759a64dc5183d69cc3745a52
https://conda.anaconda.org/conda-forge/noarch/filelock-3.15.4-pyhd8ed1ab_0.conda#0e7e4388e9d5283e22b35a9443bdbcc9
https://conda.anaconda.org/conda-forge/noarch/hpack-4.0.0-pyh9f0ad1d_0.tar.bz2#914d6646c4dbb1fd3ff539830a12fd71
https://conda.anaconda.org/conda-forge/noarch/hyperframe-6.0.1-pyhd8ed1ab_0.tar.bz2#9f765cbfab6870c8435b9eefecd7a1f4
https://conda.anaconda.org/conda-forge/noarch/idna-3.7-pyhd8ed1ab_0.conda#c0cc1420498b17414d8617d0b9f506ca
https://conda.anaconda.org/conda-forge/osx-arm64/libopenblas-0.3.27-openmp_h517c56d_1.conda#71b8a34d70aa567a990162f327e81505
https://conda.anaconda.org/conda-forge/noarch/more-itertools-10.3.0-pyhd8ed1ab_0.conda#a57fb23d0260a962a67c7d990ec1c812
https://conda.anaconda.org/conda-forge/osx-arm64/msgpack-python-1.0.8-py311h6bde47b_0.conda#649b2c1744a0ef73cc7a78cc6a453a9a
https://conda.anaconda.org/conda-forge/noarch/packaging-24.1-pyhd8ed1ab_0.conda#cbe1bb1f21567018ce595d9c2be0f0db
https://conda.anaconda.org/conda-forge/noarch/pkginfo-1.11.1-pyhd8ed1ab_0.conda#6a3e4fb1396215d0d88b3cc2f09de412
https://conda.anaconda.org/conda-forge/noarch/platformdirs-4.2.2-pyhd8ed1ab_0.conda#6f6cf28bf8e021933869bae3f84b8fc9
https://conda.anaconda.org/conda-forge/noarch/poetry-core-1.9.0-pyhd8ed1ab_0.conda#f9f26b837a81a128648353803950929e
https://conda.anaconda.org/conda-forge/noarch/ptyprocess-0.7.0-pyhd3deb0d_0.tar.bz2#359eeb6536da0e687af562ed265ec263
https://conda.anaconda.org/conda-forge/noarch/pycparser-2.22-pyhd8ed1ab_0.conda#844d9eb3b43095b031874477f7d70088
https://conda.anaconda.org/conda-forge/noarch/pysocks-1.7.1-pyha2e5f31_6.tar.bz2#2a7de29fb590ca14b5243c4c812c8025
https://conda.anaconda.org/conda-forge/noarch/python-fastjsonschema-2.20.0-pyhd8ed1ab_0.conda#b98d2018c01ce9980c03ee2850690fab
https://conda.anaconda.org/conda-forge/noarch/python-installer-0.7.0-pyhd8ed1ab_0.conda#65dea78f903d686c8b0c2feaf0e15e1f
https://conda.anaconda.org/conda-forge/noarch/setuptools-71.0.4-pyhd8ed1ab_0.conda#ee78ac9c720d0d02fcfd420866b82ab1
https://conda.anaconda.org/conda-forge/noarch/shellingham-1.5.4-pyhd8ed1ab_0.conda#d08db09a552699ee9e7eec56b4eb3899
https://conda.anaconda.org/conda-forge/noarch/tomli-2.0.1-pyhd8ed1ab_0.tar.bz2#5844808ffab9ebdb694585b50ba02a96
https://conda.anaconda.org/conda-forge/noarch/tomlkit-0.13.0-pyha770c72_0.conda#810ba6f354ddef812d0ddc4669cc8de6
https://conda.anaconda.org/conda-forge/noarch/trove-classifiers-2024.7.2-pyhd8ed1ab_0.conda#2b9f52c7ecb8d017e50f91852aead307
https://conda.anaconda.org/conda-forge/noarch/wheel-0.43.0-pyhd8ed1ab_1.conda#0b5293a157c2b5cd513dd1b03d8d3aae
https://conda.anaconda.org/conda-forge/noarch/zipp-3.19.2-pyhd8ed1ab_0.conda#49808e59df5535116f6878b2a820d6f4
https://conda.anaconda.org/conda-forge/osx-arm64/cffi-1.16.0-py311h4a08483_0.conda#cbdde0484a47b40e6ce2a4e5aaeb48d7
https://conda.anaconda.org/conda-forge/noarch/h2-4.1.0-pyhd8ed1ab_0.tar.bz2#b748fbf7060927a6e82df7cb5ee8f097
https://conda.anaconda.org/conda-forge/noarch/importlib-metadata-8.0.0-pyha770c72_0.conda#3286556cdd99048d198f72c3f6f69103
https://conda.anaconda.org/conda-forge/noarch/jaraco.classes-3.4.0-pyhd8ed1ab_1.conda#7b756504d362cbad9b73a50a5455cafd
https://conda.anaconda.org/conda-forge/osx-arm64/libblas-3.9.0-23_osxarm64_openblas.conda#acae9191e8772f5aff48ab5232d4d2a3
https://conda.anaconda.org/conda-forge/noarch/pexpect-4.9.0-pyhd8ed1ab_0.conda#629f3203c99b32e0988910c93e77f3b6
https://conda.anaconda.org/conda-forge/noarch/pip-24.0-pyhd8ed1ab_0.conda#f586ac1e56c8638b64f9c8122a7b8a67
https://conda.anaconda.org/conda-forge/noarch/pyproject_hooks-1.1.0-pyhd8ed1ab_0.conda#03736d8ced74deece64e54be348ddd3e
https://conda.anaconda.org/conda-forge/noarch/virtualenv-20.26.3-pyhd8ed1ab_0.conda#284008712816c64c85bf2b7fa9f3b264
https://conda.anaconda.org/conda-forge/noarch/importlib_metadata-8.0.0-hd8ed1ab_0.conda#5f8c8ebbe6413a7838cf6ecf14d5d31b
https://conda.anaconda.org/conda-forge/osx-arm64/libcblas-3.9.0-23_osxarm64_openblas.conda#bad6ee9b7d5584efc2bc5266137b5f0d
https://conda.anaconda.org/conda-forge/osx-arm64/liblapack-3.9.0-23_osxarm64_openblas.conda#754ef44f72ab80fd14eaa789ac393a27
https://conda.anaconda.org/conda-forge/noarch/python-build-1.2.1-pyhd8ed1ab_0.conda#d657cde3b3943fcedf6038138eea84de
https://conda.anaconda.org/conda-forge/osx-arm64/xattr-1.1.0-py311h05b510d_0.conda#f82935b018d1ebafc7a67e02deda5500
https://conda.anaconda.org/conda-forge/osx-arm64/zstandard-0.23.0-py311h4a6b76e_0.conda#0571c2ddfd8f08fbf08f3333ac826b2d
https://conda.anaconda.org/conda-forge/osx-arm64/keyring-24.3.1-py311h267d04e_0.conda#308324745fa3e76cb420586bf359494d
https://conda.anaconda.org/conda-forge/osx-arm64/numpy-2.0.0-py311h4268184_0.conda#5c316e8847d997ad1b271be52ee06189
https://conda.anaconda.org/conda-forge/noarch/urllib3-2.2.2-pyhd8ed1ab_1.conda#e804c43f58255e977093a2298e442bb8
https://conda.anaconda.org/conda-forge/osx-arm64/dulwich-0.21.7-py311h05b510d_0.conda#5f2e77653ff708bf850481a549e0a701
https://conda.anaconda.org/conda-forge/osx-arm64/rapidfuzz-3.9.4-py311hb9542d7_0.conda#757405211af1ddfd8aed60e9c1dd1796
https://conda.anaconda.org/conda-forge/noarch/requests-2.32.3-pyhd8ed1ab_0.conda#5ede4753180c7a550a443c430dc8ab52
https://conda.anaconda.org/conda-forge/noarch/cachecontrol-0.14.0-pyhd8ed1ab_1.conda#a54e449940b3e4bb2129b8daae0c1f65
https://conda.anaconda.org/conda-forge/noarch/cleo-2.1.0-pyhd8ed1ab_0.conda#69569ea8a6d1465193345a40421d138b
https://conda.anaconda.org/conda-forge/noarch/requests-toolbelt-1.0.0-pyhd8ed1ab_0.conda#99c98318c8646b08cc764f90ce98906e
https://conda.anaconda.org/conda-forge/noarch/cachecontrol-with-filecache-0.14.0-pyhd8ed1ab_1.conda#42a12b0b21d64b36a9ab9a24a04eb910
https://conda.anaconda.org/conda-forge/noarch/poetry-1.8.3-osx_pyh534df25_1.conda#8d6244d776d9e978403300e57d4cf849
https://conda.anaconda.org/conda-forge/noarch/poetry-plugin-export-1.8.0-pyhd8ed1ab_0.conda#9435d439db818300e34b28eb6ac324ba
